
Microsoft Visual Studio Solution File, Format Version 12.00
# Visual Studio Version 17
VisualStudioVersion = 17.2.32526.322
MinimumVisualStudioVersion = 10.0.40219.1
Project("{FAE04EC0-301F-11D3-BF4B-00C04F79EFBC}") = "MonsterHunterWeaponsAPI", "MonsterHunterWeaponsAPI.csproj", "{FF476666-E44F-456B-B449-34AE7C060473}"
EndProject
Global
	GlobalSection(SolutionConfigurationPlatforms) = preSolution
		Debug|Any CPU = Debug|Any CPU
		Release|Any CPU = Release|Any CPU
	EndGlobalSection
	GlobalSection(ProjectConfigurationPlatforms) = postSolution
		{FF476666-E44F-456B-B449-34AE7C060473}.Debug|Any CPU.ActiveCfg = Debug|Any CPU
		{FF476666-E44F-456B-B449-34AE7C060473}.Debug|Any CPU.Build.0 = Debug|Any CPU
		{FF476666-E44F-456B-B449-34AE7C060473}.Release|Any CPU.ActiveCfg = Release|Any CPU
		{FF476666-E44F-456B-B449-34AE7C060473}.Release|Any CPU.Build.0 = Release|Any CPU
	EndGlobalSection
	GlobalSection(SolutionProperties) = preSolution
		HideSolutionNode = FALSE
	EndGlobalSection
	GlobalSection(ExtensibilityGlobals) = postSolution
		SolutionGuid = {5CE923E7-1375-4C0F-9728-D45C627B10CC}
	EndGlobalSection
EndGlobal
